// !$*UTF8*$!
{
	archiveVersion = 1;
	classes = {
	};
	objectVersion = 50;
	objects = {

/* Begin PBXBuildFile section */
		9C062FBE24A26681006001EB /* String.swift in Sources */ = {isa = PBXBuildFile; fileRef = 9C062FBD24A26681006001EB /* String.swift */; };
		9C220F512497D67400839395 /* SubsoniciousKit.framework in Frameworks */ = {isa = PBXBuildFile; fileRef = 9C220F502497D67400839395 /* SubsoniciousKit.framework */; };
		9C220F522497D67400839395 /* SubsoniciousKit.framework in Embed Frameworks */ = {isa = PBXBuildFile; fileRef = 9C220F502497D67400839395 /* SubsoniciousKit.framework */; settings = {ATTRIBUTES = (CodeSignOnCopy, RemoveHeadersOnCopy, ); }; };
		9C2222002497E2FE00B35A29 /* ArtworkImage.swift in Sources */ = {isa = PBXBuildFile; fileRef = 9C2221FE2497E2FE00B35A29 /* ArtworkImage.swift */; };
		9C2222012497E2FE00B35A29 /* PlayerView.swift in Sources */ = {isa = PBXBuildFile; fileRef = 9C2221FF2497E2FE00B35A29 /* PlayerView.swift */; };
		9C2222032497E45D00B35A29 /* PlayerControlImage.swift in Sources */ = {isa = PBXBuildFile; fileRef = 9C2222022497E45D00B35A29 /* PlayerControlImage.swift */; };
		9C2222052497E47400B35A29 /* PlayerControlsView.swift in Sources */ = {isa = PBXBuildFile; fileRef = 9C2222042497E47400B35A29 /* PlayerControlsView.swift */; };
		9C2222072497E50900B35A29 /* PlayerSliderView.swift in Sources */ = {isa = PBXBuildFile; fileRef = 9C2222062497E50900B35A29 /* PlayerSliderView.swift */; };
		9C2222092497E5C700B35A29 /* PlayerItemDataView.swift in Sources */ = {isa = PBXBuildFile; fileRef = 9C2222082497E5C700B35A29 /* PlayerItemDataView.swift */; };
		9C2451E024841B5900CDE6F3 /* AppDelegate.swift in Sources */ = {isa = PBXBuildFile; fileRef = 9C2451DF24841B5900CDE6F3 /* AppDelegate.swift */; };
		9C2451E224841B5900CDE6F3 /* SceneDelegate.swift in Sources */ = {isa = PBXBuildFile; fileRef = 9C2451E124841B5900CDE6F3 /* SceneDelegate.swift */; };
		9C2451E624841B5C00CDE6F3 /* Assets.xcassets in Resources */ = {isa = PBXBuildFile; fileRef = 9C2451E524841B5C00CDE6F3 /* Assets.xcassets */; };
		9C2451E924841B5C00CDE6F3 /* Preview Assets.xcassets in Resources */ = {isa = PBXBuildFile; fileRef = 9C2451E824841B5C00CDE6F3 /* Preview Assets.xcassets */; };
		9C2451EC24841B5C00CDE6F3 /* LaunchScreen.storyboard in Resources */ = {isa = PBXBuildFile; fileRef = 9C2451EA24841B5C00CDE6F3 /* LaunchScreen.storyboard */; };
		9C2451F724841B5D00CDE6F3 /* SubsoniciousTests.swift in Sources */ = {isa = PBXBuildFile; fileRef = 9C2451F624841B5D00CDE6F3 /* SubsoniciousTests.swift */; };
		9C24520224841B5D00CDE6F3 /* SubsoniciousUITests.swift in Sources */ = {isa = PBXBuildFile; fileRef = 9C24520124841B5D00CDE6F3 /* SubsoniciousUITests.swift */; };
		9C24524124842D5900CDE6F3 /* ContentView.swift in Sources */ = {isa = PBXBuildFile; fileRef = 9C24523F24842D5900CDE6F3 /* ContentView.swift */; };
		9C2452502485648800CDE6F3 /* DateComponentsFormatter.swift in Sources */ = {isa = PBXBuildFile; fileRef = 9C24524F2485648800CDE6F3 /* DateComponentsFormatter.swift */; };
		9C2452522485666A00CDE6F3 /* example.mp3 in Resources */ = {isa = PBXBuildFile; fileRef = 9C2452512485666A00CDE6F3 /* example.mp3 */; };
		9C6133472496436F004E81A2 /* LocalizedStringKey.swift in Sources */ = {isa = PBXBuildFile; fileRef = 9C6133462496436F004E81A2 /* LocalizedStringKey.swift */; };
		9C7E9C5F24B642DB009E0A51 /* Constants.swift in Sources */ = {isa = PBXBuildFile; fileRef = 9C7E9C5E24B642DB009E0A51 /* Constants.swift */; };
		9C94FFA824CCB5D8006640FF /* RootContainerView.swift in Sources */ = {isa = PBXBuildFile; fileRef = 9C94FFA724CCB5D8006640FF /* RootContainerView.swift */; };
		9C9004B324C43E71005454DE /* LibraryView.swift in Sources */ = {isa = PBXBuildFile; fileRef = 9C9004B224C43E71005454DE /* LibraryView.swift */; };
		9C9004B624C456E8005454DE /* LibraryItem.swift in Sources */ = {isa = PBXBuildFile; fileRef = 9C9004B524C456E8005454DE /* LibraryItem.swift */; };
		9C9004B824C4595E005454DE /* Helpers.swift in Sources */ = {isa = PBXBuildFile; fileRef = 9C9004B724C4595E005454DE /* Helpers.swift */; };
		9CE84DCA249FD8D00008D429 /* LoginView.swift in Sources */ = {isa = PBXBuildFile; fileRef = 9CE84DC9249FD8D00008D429 /* LoginView.swift */; };
		9CE84DCC249FD90D0008D429 /* RootView.swift in Sources */ = {isa = PBXBuildFile; fileRef = 9CE84DCB249FD90D0008D429 /* RootView.swift */; };
		9CE84DD1249FDF270008D429 /* Localizable.strings in Resources */ = {isa = PBXBuildFile; fileRef = 9CE84DD3249FDF270008D429 /* Localizable.strings */; };
/* End PBXBuildFile section */

/* Begin PBXContainerItemProxy section */
		9C2451F324841B5D00CDE6F3 /* PBXContainerItemProxy */ = {
			isa = PBXContainerItemProxy;
			containerPortal = 9C2451D424841B5900CDE6F3 /* Project object */;
			proxyType = 1;
			remoteGlobalIDString = 9C2451DB24841B5900CDE6F3;
			remoteInfo = Subsonic;
		};
		9C2451FE24841B5D00CDE6F3 /* PBXContainerItemProxy */ = {
			isa = PBXContainerItemProxy;
			containerPortal = 9C2451D424841B5900CDE6F3 /* Project object */;
			proxyType = 1;
			remoteGlobalIDString = 9C2451DB24841B5900CDE6F3;
			remoteInfo = Subsonic;
		};
/* End PBXContainerItemProxy section */

/* Begin PBXCopyFilesBuildPhase section */
		9C220F532497D67400839395 /* Embed Frameworks */ = {
			isa = PBXCopyFilesBuildPhase;
			buildActionMask = 2147483647;
			dstPath = "";
			dstSubfolderSpec = 10;
			files = (
				9C220F522497D67400839395 /* SubsoniciousKit.framework in Embed Frameworks */,
			);
			name = "Embed Frameworks";
			runOnlyForDeploymentPostprocessing = 0;
		};
/* End PBXCopyFilesBuildPhase section */

/* Begin PBXFileReference section */
		9C062FBD24A26681006001EB /* String.swift */ = {isa = PBXFileReference; lastKnownFileType = sourcecode.swift; path = String.swift; sourceTree = "<group>"; };
		9C220F502497D67400839395 /* SubsoniciousKit.framework */ = {isa = PBXFileReference; explicitFileType = wrapper.framework; path = SubsoniciousKit.framework; sourceTree = BUILT_PRODUCTS_DIR; };
		9C2221FE2497E2FE00B35A29 /* ArtworkImage.swift */ = {isa = PBXFileReference; fileEncoding = 4; lastKnownFileType = sourcecode.swift; path = ArtworkImage.swift; sourceTree = "<group>"; };
		9C2221FF2497E2FE00B35A29 /* PlayerView.swift */ = {isa = PBXFileReference; fileEncoding = 4; lastKnownFileType = sourcecode.swift; path = PlayerView.swift; sourceTree = "<group>"; };
		9C2222022497E45D00B35A29 /* PlayerControlImage.swift */ = {isa = PBXFileReference; lastKnownFileType = sourcecode.swift; path = PlayerControlImage.swift; sourceTree = "<group>"; };
		9C2222042497E47400B35A29 /* PlayerControlsView.swift */ = {isa = PBXFileReference; lastKnownFileType = sourcecode.swift; path = PlayerControlsView.swift; sourceTree = "<group>"; };
		9C2222062497E50900B35A29 /* PlayerSliderView.swift */ = {isa = PBXFileReference; lastKnownFileType = sourcecode.swift; path = PlayerSliderView.swift; sourceTree = "<group>"; };
		9C2222082497E5C700B35A29 /* PlayerItemDataView.swift */ = {isa = PBXFileReference; lastKnownFileType = sourcecode.swift; path = PlayerItemDataView.swift; sourceTree = "<group>"; };
		9C2451DC24841B5900CDE6F3 /* Subsonicious.app */ = {isa = PBXFileReference; explicitFileType = wrapper.application; includeInIndex = 0; path = Subsonicious.app; sourceTree = BUILT_PRODUCTS_DIR; };
		9C2451DF24841B5900CDE6F3 /* AppDelegate.swift */ = {isa = PBXFileReference; lastKnownFileType = sourcecode.swift; path = AppDelegate.swift; sourceTree = "<group>"; };
		9C2451E124841B5900CDE6F3 /* SceneDelegate.swift */ = {isa = PBXFileReference; lastKnownFileType = sourcecode.swift; path = SceneDelegate.swift; sourceTree = "<group>"; };
		9C2451E524841B5C00CDE6F3 /* Assets.xcassets */ = {isa = PBXFileReference; lastKnownFileType = folder.assetcatalog; path = Assets.xcassets; sourceTree = "<group>"; };
		9C2451E824841B5C00CDE6F3 /* Preview Assets.xcassets */ = {isa = PBXFileReference; lastKnownFileType = folder.assetcatalog; path = "Preview Assets.xcassets"; sourceTree = "<group>"; };
		9C2451EB24841B5C00CDE6F3 /* Base */ = {isa = PBXFileReference; lastKnownFileType = file.storyboard; name = Base; path = Base.lproj/LaunchScreen.storyboard; sourceTree = "<group>"; };
		9C2451ED24841B5C00CDE6F3 /* Info.plist */ = {isa = PBXFileReference; lastKnownFileType = text.plist.xml; path = Info.plist; sourceTree = "<group>"; };
		9C2451F224841B5D00CDE6F3 /* SubsoniciousTests.xctest */ = {isa = PBXFileReference; explicitFileType = wrapper.cfbundle; includeInIndex = 0; path = SubsoniciousTests.xctest; sourceTree = BUILT_PRODUCTS_DIR; };
		9C2451F624841B5D00CDE6F3 /* SubsoniciousTests.swift */ = {isa = PBXFileReference; lastKnownFileType = sourcecode.swift; path = SubsoniciousTests.swift; sourceTree = "<group>"; };
		9C2451F824841B5D00CDE6F3 /* Info.plist */ = {isa = PBXFileReference; lastKnownFileType = text.plist.xml; path = Info.plist; sourceTree = "<group>"; };
		9C2451FD24841B5D00CDE6F3 /* SubsoniciousUITests.xctest */ = {isa = PBXFileReference; explicitFileType = wrapper.cfbundle; includeInIndex = 0; path = SubsoniciousUITests.xctest; sourceTree = BUILT_PRODUCTS_DIR; };
		9C24520124841B5D00CDE6F3 /* SubsoniciousUITests.swift */ = {isa = PBXFileReference; lastKnownFileType = sourcecode.swift; path = SubsoniciousUITests.swift; sourceTree = "<group>"; };
		9C24520324841B5D00CDE6F3 /* Info.plist */ = {isa = PBXFileReference; lastKnownFileType = text.plist.xml; path = Info.plist; sourceTree = "<group>"; };
		9C2452102484231200CDE6F3 /* Subsonicious.entitlements */ = {isa = PBXFileReference; lastKnownFileType = text.plist.entitlements; path = Subsonicious.entitlements; sourceTree = "<group>"; };
		9C2452112484232700CDE6F3 /* fr */ = {isa = PBXFileReference; lastKnownFileType = text.plist.strings; name = fr; path = fr.lproj/LaunchScreen.strings; sourceTree = "<group>"; };
		9C24523F24842D5900CDE6F3 /* ContentView.swift */ = {isa = PBXFileReference; fileEncoding = 4; lastKnownFileType = sourcecode.swift; path = ContentView.swift; sourceTree = "<group>"; };
		9C24524F2485648800CDE6F3 /* DateComponentsFormatter.swift */ = {isa = PBXFileReference; lastKnownFileType = sourcecode.swift; path = DateComponentsFormatter.swift; sourceTree = "<group>"; };
		9C2452512485666A00CDE6F3 /* example.mp3 */ = {isa = PBXFileReference; lastKnownFileType = audio.mp3; path = example.mp3; sourceTree = "<group>"; };
		9C6133462496436F004E81A2 /* LocalizedStringKey.swift */ = {isa = PBXFileReference; lastKnownFileType = sourcecode.swift; path = LocalizedStringKey.swift; sourceTree = "<group>"; };
		9C7E9C5E24B642DB009E0A51 /* Constants.swift */ = {isa = PBXFileReference; lastKnownFileType = sourcecode.swift; path = Constants.swift; sourceTree = "<group>"; };
		9C94FFA724CCB5D8006640FF /* RootContainerView.swift */ = {isa = PBXFileReference; lastKnownFileType = sourcecode.swift; path = RootContainerView.swift; sourceTree = "<group>"; };
		9C9004B224C43E71005454DE /* LibraryView.swift */ = {isa = PBXFileReference; lastKnownFileType = sourcecode.swift; path = LibraryView.swift; sourceTree = "<group>"; };
		9C9004B524C456E8005454DE /* LibraryItem.swift */ = {isa = PBXFileReference; lastKnownFileType = sourcecode.swift; path = LibraryItem.swift; sourceTree = "<group>"; };
		9C9004B724C4595E005454DE /* Helpers.swift */ = {isa = PBXFileReference; lastKnownFileType = sourcecode.swift; path = Helpers.swift; sourceTree = "<group>"; };
		9CE84DC9249FD8D00008D429 /* LoginView.swift */ = {isa = PBXFileReference; fileEncoding = 4; lastKnownFileType = sourcecode.swift; path = LoginView.swift; sourceTree = "<group>"; };
		9CE84DCB249FD90D0008D429 /* RootView.swift */ = {isa = PBXFileReference; fileEncoding = 4; lastKnownFileType = sourcecode.swift; path = RootView.swift; sourceTree = "<group>"; };
		9CE84DD2249FDF270008D429 /* en */ = {isa = PBXFileReference; lastKnownFileType = text.plist.strings; name = en; path = en.lproj/Localizable.strings; sourceTree = "<group>"; };
		9CE84DD4249FE2250008D429 /* fr */ = {isa = PBXFileReference; lastKnownFileType = text.plist.strings; name = fr; path = fr.lproj/Localizable.strings; sourceTree = "<group>"; };
/* End PBXFileReference section */

/* Begin PBXFrameworksBuildPhase section */
		9C2451D924841B5900CDE6F3 /* Frameworks */ = {
			isa = PBXFrameworksBuildPhase;
			buildActionMask = 2147483647;
			files = (
				9C220F512497D67400839395 /* SubsoniciousKit.framework in Frameworks */,
			);
			runOnlyForDeploymentPostprocessing = 0;
		};
		9C2451EF24841B5D00CDE6F3 /* Frameworks */ = {
			isa = PBXFrameworksBuildPhase;
			buildActionMask = 2147483647;
			files = (
			);
			runOnlyForDeploymentPostprocessing = 0;
		};
		9C2451FA24841B5D00CDE6F3 /* Frameworks */ = {
			isa = PBXFrameworksBuildPhase;
			buildActionMask = 2147483647;
			files = (
			);
			runOnlyForDeploymentPostprocessing = 0;
		};
/* End PBXFrameworksBuildPhase section */

/* Begin PBXGroup section */
		9C2221FD2497E2FE00B35A29 /* Player */ = {
			isa = PBXGroup;
			children = (
				9C2221FE2497E2FE00B35A29 /* ArtworkImage.swift */,
				9C2222022497E45D00B35A29 /* PlayerControlImage.swift */,
				9C2222042497E47400B35A29 /* PlayerControlsView.swift */,
				9C2222082497E5C700B35A29 /* PlayerItemDataView.swift */,
				9C2222062497E50900B35A29 /* PlayerSliderView.swift */,
				9C2221FF2497E2FE00B35A29 /* PlayerView.swift */,
			);
			path = Player;
			sourceTree = "<group>";
		};
		9C2451D324841B5900CDE6F3 = {
			isa = PBXGroup;
			children = (
				9C6231FD248C135D00D0E703 /* Frameworks */,
				9C2451DD24841B5900CDE6F3 /* Products */,
				9C2451DE24841B5900CDE6F3 /* Subsonicious */,
				9C2451F524841B5D00CDE6F3 /* SubsoniciousTests */,
				9C24520024841B5D00CDE6F3 /* SubsoniciousUITests */,
			);
			sourceTree = "<group>";
		};
		9C2451DD24841B5900CDE6F3 /* Products */ = {
			isa = PBXGroup;
			children = (
				9C2451DC24841B5900CDE6F3 /* Subsonicious.app */,
				9C2451F224841B5D00CDE6F3 /* SubsoniciousTests.xctest */,
				9C2451FD24841B5D00CDE6F3 /* SubsoniciousUITests.xctest */,
			);
			name = Products;
			sourceTree = "<group>";
		};
		9C2451DE24841B5900CDE6F3 /* Subsonicious */ = {
			isa = PBXGroup;
			children = (
				9C2451DF24841B5900CDE6F3 /* AppDelegate.swift */,
				9C2451E524841B5C00CDE6F3 /* Assets.xcassets */,
				9C7E9C5E24B642DB009E0A51 /* Constants.swift */,
				9C2452512485666A00CDE6F3 /* example.mp3 */,
				9C24524E2485647C00CDE6F3 /* Extensions */,
				9C9004B724C4595E005454DE /* Helpers.swift */,
				9C2451ED24841B5C00CDE6F3 /* Info.plist */,
				9C2451EA24841B5C00CDE6F3 /* LaunchScreen.storyboard */,
				9CE84DD3249FDF270008D429 /* Localizable.strings */,
				9C9004B424C456DB005454DE /* Models */,
				9C2451E724841B5C00CDE6F3 /* Preview Content */,
				9C2451E124841B5900CDE6F3 /* SceneDelegate.swift */,
				9C2452102484231200CDE6F3 /* Subsonicious.entitlements */,
				9C24523D24842D5900CDE6F3 /* Views */,
			);
			path = Subsonicious;
			sourceTree = "<group>";
		};
		9C2451E724841B5C00CDE6F3 /* Preview Content */ = {
			isa = PBXGroup;
			children = (
				9C2451E824841B5C00CDE6F3 /* Preview Assets.xcassets */,
			);
			path = "Preview Content";
			sourceTree = "<group>";
		};
		9C2451F524841B5D00CDE6F3 /* SubsoniciousTests */ = {
			isa = PBXGroup;
			children = (
				9C2451F824841B5D00CDE6F3 /* Info.plist */,
				9C2451F624841B5D00CDE6F3 /* SubsoniciousTests.swift */,
			);
			path = SubsoniciousTests;
			sourceTree = "<group>";
		};
		9C24520024841B5D00CDE6F3 /* SubsoniciousUITests */ = {
			isa = PBXGroup;
			children = (
				9C24520324841B5D00CDE6F3 /* Info.plist */,
				9C24520124841B5D00CDE6F3 /* SubsoniciousUITests.swift */,
			);
			path = SubsoniciousUITests;
			sourceTree = "<group>";
		};
		9C24523D24842D5900CDE6F3 /* Views */ = {
			isa = PBXGroup;
			children = (
				9C24523F24842D5900CDE6F3 /* ContentView.swift */,
				9C9004B224C43E71005454DE /* LibraryView.swift */,
				9CE84DC9249FD8D00008D429 /* LoginView.swift */,
				9C2221FD2497E2FE00B35A29 /* Player */,
				9C94FFA724CCB5D8006640FF /* RootContainerView.swift */,
				9CE84DCB249FD90D0008D429 /* RootView.swift */,
			);
			path = Views;
			sourceTree = "<group>";
		};
		9C24524E2485647C00CDE6F3 /* Extensions */ = {
			isa = PBXGroup;
			children = (
				9C24524F2485648800CDE6F3 /* DateComponentsFormatter.swift */,
				9C6133462496436F004E81A2 /* LocalizedStringKey.swift */,
				9C062FBD24A26681006001EB /* String.swift */,
			);
			path = Extensions;
			sourceTree = "<group>";
		};
		9C6231FD248C135D00D0E703 /* Frameworks */ = {
			isa = PBXGroup;
			children = (
				9C220F502497D67400839395 /* SubsoniciousKit.framework */,
			);
			name = Frameworks;
			sourceTree = "<group>";
		};
		9C9004B424C456DB005454DE /* Models */ = {
			isa = PBXGroup;
			children = (
				9C9004B524C456E8005454DE /* LibraryItem.swift */,
			);
			path = Models;
			sourceTree = "<group>";
		};
/* End PBXGroup section */

/* Begin PBXNativeTarget section */
		9C2451DB24841B5900CDE6F3 /* Subsonicious */ = {
			isa = PBXNativeTarget;
			buildConfigurationList = 9C24520624841B5D00CDE6F3 /* Build configuration list for PBXNativeTarget "Subsonicious" */;
			buildPhases = (
				9C2451D824841B5900CDE6F3 /* Sources */,
				9C2451D924841B5900CDE6F3 /* Frameworks */,
				9C2451DA24841B5900CDE6F3 /* Resources */,
				9C2452382484290B00CDE6F3 /* SwiftLint */,
				9C220F532497D67400839395 /* Embed Frameworks */,
			);
			buildRules = (
			);
			dependencies = (
			);
			name = Subsonicious;
			productName = Subsonic;
			productReference = 9C2451DC24841B5900CDE6F3 /* Subsonicious.app */;
			productType = "com.apple.product-type.application";
		};
		9C2451F124841B5D00CDE6F3 /* SubsoniciousTests */ = {
			isa = PBXNativeTarget;
			buildConfigurationList = 9C24520924841B5D00CDE6F3 /* Build configuration list for PBXNativeTarget "SubsoniciousTests" */;
			buildPhases = (
				9C2451EE24841B5D00CDE6F3 /* Sources */,
				9C2451EF24841B5D00CDE6F3 /* Frameworks */,
				9C2451F024841B5D00CDE6F3 /* Resources */,
			);
			buildRules = (
			);
			dependencies = (
				9C2451F424841B5D00CDE6F3 /* PBXTargetDependency */,
			);
			name = SubsoniciousTests;
			productName = SubsonicTests;
			productReference = 9C2451F224841B5D00CDE6F3 /* SubsoniciousTests.xctest */;
			productType = "com.apple.product-type.bundle.unit-test";
		};
		9C2451FC24841B5D00CDE6F3 /* SubsoniciousUITests */ = {
			isa = PBXNativeTarget;
			buildConfigurationList = 9C24520C24841B5D00CDE6F3 /* Build configuration list for PBXNativeTarget "SubsoniciousUITests" */;
			buildPhases = (
				9C2451F924841B5D00CDE6F3 /* Sources */,
				9C2451FA24841B5D00CDE6F3 /* Frameworks */,
				9C2451FB24841B5D00CDE6F3 /* Resources */,
			);
			buildRules = (
			);
			dependencies = (
				9C2451FF24841B5D00CDE6F3 /* PBXTargetDependency */,
			);
			name = SubsoniciousUITests;
			productName = SubsonicUITests;
			productReference = 9C2451FD24841B5D00CDE6F3 /* SubsoniciousUITests.xctest */;
			productType = "com.apple.product-type.bundle.ui-testing";
		};
/* End PBXNativeTarget section */

/* Begin PBXProject section */
		9C2451D424841B5900CDE6F3 /* Project object */ = {
			isa = PBXProject;
			attributes = {
				LastSwiftUpdateCheck = 1150;
				LastUpgradeCheck = 1200;
				ORGANIZATIONNAME = "Bilal Benlarbi";
				TargetAttributes = {
					9C2451DB24841B5900CDE6F3 = {
						CreatedOnToolsVersion = 11.5;
					};
					9C2451F124841B5D00CDE6F3 = {
						CreatedOnToolsVersion = 11.5;
						TestTargetID = 9C2451DB24841B5900CDE6F3;
					};
					9C2451FC24841B5D00CDE6F3 = {
						CreatedOnToolsVersion = 11.5;
						TestTargetID = 9C2451DB24841B5900CDE6F3;
					};
				};
			};
			buildConfigurationList = 9C2451D724841B5900CDE6F3 /* Build configuration list for PBXProject "Subsonicious" */;
			compatibilityVersion = "Xcode 9.3";
			developmentRegion = en;
			hasScannedForEncodings = 0;
			knownRegions = (
				en,
				Base,
				fr,
			);
			mainGroup = 9C2451D324841B5900CDE6F3;
			productRefGroup = 9C2451DD24841B5900CDE6F3 /* Products */;
			projectDirPath = "";
			projectRoot = "";
			targets = (
				9C2451DB24841B5900CDE6F3 /* Subsonicious */,
				9C2451F124841B5D00CDE6F3 /* SubsoniciousTests */,
				9C2451FC24841B5D00CDE6F3 /* SubsoniciousUITests */,
			);
		};
/* End PBXProject section */

/* Begin PBXResourcesBuildPhase section */
		9C2451DA24841B5900CDE6F3 /* Resources */ = {
			isa = PBXResourcesBuildPhase;
			buildActionMask = 2147483647;
			files = (
				9CE84DD1249FDF270008D429 /* Localizable.strings in Resources */,
				9C2451EC24841B5C00CDE6F3 /* LaunchScreen.storyboard in Resources */,
				9C2452522485666A00CDE6F3 /* example.mp3 in Resources */,
				9C2451E924841B5C00CDE6F3 /* Preview Assets.xcassets in Resources */,
				9C2451E624841B5C00CDE6F3 /* Assets.xcassets in Resources */,
			);
			runOnlyForDeploymentPostprocessing = 0;
		};
		9C2451F024841B5D00CDE6F3 /* Resources */ = {
			isa = PBXResourcesBuildPhase;
			buildActionMask = 2147483647;
			files = (
			);
			runOnlyForDeploymentPostprocessing = 0;
		};
		9C2451FB24841B5D00CDE6F3 /* Resources */ = {
			isa = PBXResourcesBuildPhase;
			buildActionMask = 2147483647;
			files = (
			);
			runOnlyForDeploymentPostprocessing = 0;
		};
/* End PBXResourcesBuildPhase section */

/* Begin PBXShellScriptBuildPhase section */
		9C2452382484290B00CDE6F3 /* SwiftLint */ = {
			isa = PBXShellScriptBuildPhase;
			buildActionMask = 2147483647;
			files = (
			);
			inputFileListPaths = (
			);
			inputPaths = (
			);
			name = SwiftLint;
			outputFileListPaths = (
			);
			outputPaths = (
			);
			runOnlyForDeploymentPostprocessing = 0;
			shellPath = /bin/sh;
			shellScript = "if which swiftlint >/dev/null; then\n    swiftlint --config ../.swiftlint.yml\nelse\n    echo \"warning: SwiftLint not installed, download from https://github.com/realm/SwiftLint\"\nfi\n";
		};
/* End PBXShellScriptBuildPhase section */

/* Begin PBXSourcesBuildPhase section */
		9C2451D824841B5900CDE6F3 /* Sources */ = {
			isa = PBXSourcesBuildPhase;
			buildActionMask = 2147483647;
			files = (
				9C2451E024841B5900CDE6F3 /* AppDelegate.swift in Sources */,
				9C2452502485648800CDE6F3 /* DateComponentsFormatter.swift in Sources */,
				9C2222072497E50900B35A29 /* PlayerSliderView.swift in Sources */,
				9C2222012497E2FE00B35A29 /* PlayerView.swift in Sources */,
				9C94FFA824CCB5D8006640FF /* RootContainerView.swift in Sources */,
				9C062FBE24A26681006001EB /* String.swift in Sources */,
				9C7E9C5F24B642DB009E0A51 /* Constants.swift in Sources */,
				9C2222002497E2FE00B35A29 /* ArtworkImage.swift in Sources */,
				9C9004B624C456E8005454DE /* LibraryItem.swift in Sources */,
				9C2222032497E45D00B35A29 /* PlayerControlImage.swift in Sources */,
				9CE84DCA249FD8D00008D429 /* LoginView.swift in Sources */,
				9C2222052497E47400B35A29 /* PlayerControlsView.swift in Sources */,
				9C2451E224841B5900CDE6F3 /* SceneDelegate.swift in Sources */,
				9CE84DCC249FD90D0008D429 /* RootView.swift in Sources */,
				9C9004B824C4595E005454DE /* Helpers.swift in Sources */,
				9C9004B324C43E71005454DE /* LibraryView.swift in Sources */,
				9C2222092497E5C700B35A29 /* PlayerItemDataView.swift in Sources */,
				9C24524124842D5900CDE6F3 /* ContentView.swift in Sources */,
				9C6133472496436F004E81A2 /* LocalizedStringKey.swift in Sources */,
			);
			runOnlyForDeploymentPostprocessing = 0;
		};
		9C2451EE24841B5D00CDE6F3 /* Sources */ = {
			isa = PBXSourcesBuildPhase;
			buildActionMask = 2147483647;
			files = (
				9C2451F724841B5D00CDE6F3 /* SubsoniciousTests.swift in Sources */,
			);
			runOnlyForDeploymentPostprocessing = 0;
		};
		9C2451F924841B5D00CDE6F3 /* Sources */ = {
			isa = PBXSourcesBuildPhase;
			buildActionMask = 2147483647;
			files = (
				9C24520224841B5D00CDE6F3 /* SubsoniciousUITests.swift in Sources */,
			);
			runOnlyForDeploymentPostprocessing = 0;
		};
/* End PBXSourcesBuildPhase section */

/* Begin PBXTargetDependency section */
		9C2451F424841B5D00CDE6F3 /* PBXTargetDependency */ = {
			isa = PBXTargetDependency;
			target = 9C2451DB24841B5900CDE6F3 /* Subsonicious */;
			targetProxy = 9C2451F324841B5D00CDE6F3 /* PBXContainerItemProxy */;
		};
		9C2451FF24841B5D00CDE6F3 /* PBXTargetDependency */ = {
			isa = PBXTargetDependency;
			target = 9C2451DB24841B5900CDE6F3 /* Subsonicious */;
			targetProxy = 9C2451FE24841B5D00CDE6F3 /* PBXContainerItemProxy */;
		};
/* End PBXTargetDependency section */

/* Begin PBXVariantGroup section */
		9C2451EA24841B5C00CDE6F3 /* LaunchScreen.storyboard */ = {
			isa = PBXVariantGroup;
			children = (
				9C2451EB24841B5C00CDE6F3 /* Base */,
				9C2452112484232700CDE6F3 /* fr */,
			);
			name = LaunchScreen.storyboard;
			sourceTree = "<group>";
		};
		9CE84DD3249FDF270008D429 /* Localizable.strings */ = {
			isa = PBXVariantGroup;
			children = (
				9CE84DD2249FDF270008D429 /* en */,
				9CE84DD4249FE2250008D429 /* fr */,
			);
			name = Localizable.strings;
			sourceTree = "<group>";
		};
/* End PBXVariantGroup section */

/* Begin XCBuildConfiguration section */
		9C24520424841B5D00CDE6F3 /* Debug */ = {
			isa = XCBuildConfiguration;
			buildSettings = {
				ALWAYS_SEARCH_USER_PATHS = NO;
				CLANG_ANALYZER_LOCALIZABILITY_NONLOCALIZED = YES;
				CLANG_ANALYZER_NONNULL = YES;
				CLANG_ANALYZER_NUMBER_OBJECT_CONVERSION = YES_AGGRESSIVE;
				CLANG_CXX_LANGUAGE_STANDARD = "gnu++14";
				CLANG_CXX_LIBRARY = "libc++";
				CLANG_ENABLE_MODULES = YES;
				CLANG_ENABLE_OBJC_ARC = YES;
				CLANG_ENABLE_OBJC_WEAK = YES;
				CLANG_WARN_BLOCK_CAPTURE_AUTORELEASING = YES;
				CLANG_WARN_BOOL_CONVERSION = YES;
				CLANG_WARN_COMMA = YES;
				CLANG_WARN_CONSTANT_CONVERSION = YES;
				CLANG_WARN_DEPRECATED_OBJC_IMPLEMENTATIONS = YES;
				CLANG_WARN_DIRECT_OBJC_ISA_USAGE = YES_ERROR;
				CLANG_WARN_DOCUMENTATION_COMMENTS = YES;
				CLANG_WARN_EMPTY_BODY = YES;
				CLANG_WARN_ENUM_CONVERSION = YES;
				CLANG_WARN_INFINITE_RECURSION = YES;
				CLANG_WARN_INT_CONVERSION = YES;
				CLANG_WARN_NON_LITERAL_NULL_CONVERSION = YES;
				CLANG_WARN_OBJC_IMPLICIT_RETAIN_SELF = YES;
				CLANG_WARN_OBJC_LITERAL_CONVERSION = YES;
				CLANG_WARN_OBJC_ROOT_CLASS = YES_ERROR;
				CLANG_WARN_QUOTED_INCLUDE_IN_FRAMEWORK_HEADER = YES;
				CLANG_WARN_RANGE_LOOP_ANALYSIS = YES;
				CLANG_WARN_STRICT_PROTOTYPES = YES;
				CLANG_WARN_SUSPICIOUS_MOVE = YES;
				CLANG_WARN_UNGUARDED_AVAILABILITY = YES_AGGRESSIVE;
				CLANG_WARN_UNREACHABLE_CODE = YES;
				CLANG_WARN__DUPLICATE_METHOD_MATCH = YES;
				COPY_PHASE_STRIP = NO;
				DEBUG_INFORMATION_FORMAT = dwarf;
				ENABLE_STRICT_OBJC_MSGSEND = YES;
				ENABLE_TESTABILITY = YES;
				GCC_C_LANGUAGE_STANDARD = gnu11;
				GCC_DYNAMIC_NO_PIC = NO;
				GCC_NO_COMMON_BLOCKS = YES;
				GCC_OPTIMIZATION_LEVEL = 0;
				GCC_PREPROCESSOR_DEFINITIONS = (
					"DEBUG=1",
					"$(inherited)",
				);
				GCC_WARN_64_TO_32_BIT_CONVERSION = YES;
				GCC_WARN_ABOUT_RETURN_TYPE = YES_ERROR;
				GCC_WARN_UNDECLARED_SELECTOR = YES;
				GCC_WARN_UNINITIALIZED_AUTOS = YES_AGGRESSIVE;
				GCC_WARN_UNUSED_FUNCTION = YES;
				GCC_WARN_UNUSED_VARIABLE = YES;
				IPHONEOS_DEPLOYMENT_TARGET = 14.0;
				MTL_ENABLE_DEBUG_INFO = INCLUDE_SOURCE;
				MTL_FAST_MATH = YES;
				ONLY_ACTIVE_ARCH = YES;
				SDKROOT = iphoneos;
				SWIFT_ACTIVE_COMPILATION_CONDITIONS = DEBUG;
				SWIFT_OPTIMIZATION_LEVEL = "-Onone";
				SWIFT_TREAT_WARNINGS_AS_ERRORS = YES;
			};
			name = Debug;
		};
		9C24520524841B5D00CDE6F3 /* Release */ = {
			isa = XCBuildConfiguration;
			buildSettings = {
				ALWAYS_SEARCH_USER_PATHS = NO;
				CLANG_ANALYZER_LOCALIZABILITY_NONLOCALIZED = YES;
				CLANG_ANALYZER_NONNULL = YES;
				CLANG_ANALYZER_NUMBER_OBJECT_CONVERSION = YES_AGGRESSIVE;
				CLANG_CXX_LANGUAGE_STANDARD = "gnu++14";
				CLANG_CXX_LIBRARY = "libc++";
				CLANG_ENABLE_MODULES = YES;
				CLANG_ENABLE_OBJC_ARC = YES;
				CLANG_ENABLE_OBJC_WEAK = YES;
				CLANG_WARN_BLOCK_CAPTURE_AUTORELEASING = YES;
				CLANG_WARN_BOOL_CONVERSION = YES;
				CLANG_WARN_COMMA = YES;
				CLANG_WARN_CONSTANT_CONVERSION = YES;
				CLANG_WARN_DEPRECATED_OBJC_IMPLEMENTATIONS = YES;
				CLANG_WARN_DIRECT_OBJC_ISA_USAGE = YES_ERROR;
				CLANG_WARN_DOCUMENTATION_COMMENTS = YES;
				CLANG_WARN_EMPTY_BODY = YES;
				CLANG_WARN_ENUM_CONVERSION = YES;
				CLANG_WARN_INFINITE_RECURSION = YES;
				CLANG_WARN_INT_CONVERSION = YES;
				CLANG_WARN_NON_LITERAL_NULL_CONVERSION = YES;
				CLANG_WARN_OBJC_IMPLICIT_RETAIN_SELF = YES;
				CLANG_WARN_OBJC_LITERAL_CONVERSION = YES;
				CLANG_WARN_OBJC_ROOT_CLASS = YES_ERROR;
				CLANG_WARN_QUOTED_INCLUDE_IN_FRAMEWORK_HEADER = YES;
				CLANG_WARN_RANGE_LOOP_ANALYSIS = YES;
				CLANG_WARN_STRICT_PROTOTYPES = YES;
				CLANG_WARN_SUSPICIOUS_MOVE = YES;
				CLANG_WARN_UNGUARDED_AVAILABILITY = YES_AGGRESSIVE;
				CLANG_WARN_UNREACHABLE_CODE = YES;
				CLANG_WARN__DUPLICATE_METHOD_MATCH = YES;
				COPY_PHASE_STRIP = NO;
				DEBUG_INFORMATION_FORMAT = "dwarf-with-dsym";
				ENABLE_NS_ASSERTIONS = NO;
				ENABLE_STRICT_OBJC_MSGSEND = YES;
				GCC_C_LANGUAGE_STANDARD = gnu11;
				GCC_NO_COMMON_BLOCKS = YES;
				GCC_WARN_64_TO_32_BIT_CONVERSION = YES;
				GCC_WARN_ABOUT_RETURN_TYPE = YES_ERROR;
				GCC_WARN_UNDECLARED_SELECTOR = YES;
				GCC_WARN_UNINITIALIZED_AUTOS = YES_AGGRESSIVE;
				GCC_WARN_UNUSED_FUNCTION = YES;
				GCC_WARN_UNUSED_VARIABLE = YES;
				IPHONEOS_DEPLOYMENT_TARGET = 14.0;
				MTL_ENABLE_DEBUG_INFO = NO;
				MTL_FAST_MATH = YES;
				SDKROOT = iphoneos;
				SWIFT_COMPILATION_MODE = wholemodule;
				SWIFT_OPTIMIZATION_LEVEL = "-O";
				SWIFT_TREAT_WARNINGS_AS_ERRORS = YES;
				VALIDATE_PRODUCT = YES;
			};
			name = Release;
		};
		9C24520724841B5D00CDE6F3 /* Debug */ = {
			isa = XCBuildConfiguration;
			buildSettings = {
				ASSETCATALOG_COMPILER_APPICON_NAME = AppIcon;
				CODE_SIGN_ENTITLEMENTS = Subsonicious/Subsonicious.entitlements;
				"CODE_SIGN_IDENTITY[sdk=macosx*]" = "-";
				CODE_SIGN_STYLE = Automatic;
				DEVELOPMENT_ASSET_PATHS = "\"Subsonicious/Preview Content\"";
				DEVELOPMENT_TEAM = 2QXVT7WWUT;
				ENABLE_PREVIEWS = YES;
				INFOPLIST_FILE = Subsonicious/Info.plist;
				LD_RUNPATH_SEARCH_PATHS = (
					"$(inherited)",
					"@executable_path/Frameworks",
				);
				PRODUCT_BUNDLE_IDENTIFIER = com.bilalbenlarbi.Subsonicious;
				PRODUCT_NAME = Subsonicious;
				SUPPORTS_MACCATALYST = YES;
				SWIFT_VERSION = 5.0;
				TARGETED_DEVICE_FAMILY = "1,2";
			};
			name = Debug;
		};
		9C24520824841B5D00CDE6F3 /* Release */ = {
			isa = XCBuildConfiguration;
			buildSettings = {
				ASSETCATALOG_COMPILER_APPICON_NAME = AppIcon;
				CODE_SIGN_ENTITLEMENTS = Subsonicious/Subsonicious.entitlements;
				"CODE_SIGN_IDENTITY[sdk=macosx*]" = "-";
				CODE_SIGN_STYLE = Automatic;
				DEVELOPMENT_ASSET_PATHS = "\"Subsonicious/Preview Content\"";
				DEVELOPMENT_TEAM = 2QXVT7WWUT;
				ENABLE_PREVIEWS = YES;
				INFOPLIST_FILE = Subsonicious/Info.plist;
				LD_RUNPATH_SEARCH_PATHS = (
					"$(inherited)",
					"@executable_path/Frameworks",
				);
				PRODUCT_BUNDLE_IDENTIFIER = com.bilalbenlarbi.Subsonicious;
				PRODUCT_NAME = Subsonicious;
				SUPPORTS_MACCATALYST = YES;
				SWIFT_VERSION = 5.0;
				TARGETED_DEVICE_FAMILY = "1,2";
			};
			name = Release;
		};
		9C24520A24841B5D00CDE6F3 /* Debug */ = {
			isa = XCBuildConfiguration;
			buildSettings = {
				ALWAYS_EMBED_SWIFT_STANDARD_LIBRARIES = YES;
				BUNDLE_LOADER = "$(TEST_HOST)";
				CODE_SIGN_STYLE = Automatic;
				INFOPLIST_FILE = SubsoniciousTests/Info.plist;
				LD_RUNPATH_SEARCH_PATHS = (
					"$(inherited)",
					"@executable_path/Frameworks",
					"@loader_path/Frameworks",
				);
				PRODUCT_BUNDLE_IDENTIFIER = com.bilalbenlarbi.SubsoniciousTests;
				PRODUCT_NAME = "$(TARGET_NAME)";
				SWIFT_VERSION = 5.0;
				TARGETED_DEVICE_FAMILY = "1,2";
				TEST_HOST = "$(BUILT_PRODUCTS_DIR)/Subsonicious.app/Subsonicious";
			};
			name = Debug;
		};
		9C24520B24841B5D00CDE6F3 /* Release */ = {
			isa = XCBuildConfiguration;
			buildSettings = {
				ALWAYS_EMBED_SWIFT_STANDARD_LIBRARIES = YES;
				BUNDLE_LOADER = "$(TEST_HOST)";
				CODE_SIGN_STYLE = Automatic;
				INFOPLIST_FILE = SubsoniciousTests/Info.plist;
				LD_RUNPATH_SEARCH_PATHS = (
					"$(inherited)",
					"@executable_path/Frameworks",
					"@loader_path/Frameworks",
				);
				PRODUCT_BUNDLE_IDENTIFIER = com.bilalbenlarbi.SubsoniciousTests;
				PRODUCT_NAME = "$(TARGET_NAME)";
				SWIFT_VERSION = 5.0;
				TARGETED_DEVICE_FAMILY = "1,2";
				TEST_HOST = "$(BUILT_PRODUCTS_DIR)/Subsonicious.app/Subsonicious";
			};
			name = Release;
		};
		9C24520D24841B5D00CDE6F3 /* Debug */ = {
			isa = XCBuildConfiguration;
			buildSettings = {
				ALWAYS_EMBED_SWIFT_STANDARD_LIBRARIES = YES;
				CODE_SIGN_STYLE = Automatic;
				INFOPLIST_FILE = SubsoniciousUITests/Info.plist;
				LD_RUNPATH_SEARCH_PATHS = (
					"$(inherited)",
					"@executable_path/Frameworks",
					"@loader_path/Frameworks",
				);
				PRODUCT_BUNDLE_IDENTIFIER = com.bilalbenlarbi.SubsoniciousUITests;
				PRODUCT_NAME = "$(TARGET_NAME)";
				SWIFT_VERSION = 5.0;
				TARGETED_DEVICE_FAMILY = "1,2";
				TEST_TARGET_NAME = Subsonicious;
			};
			name = Debug;
		};
		9C24520E24841B5D00CDE6F3 /* Release */ = {
			isa = XCBuildConfiguration;
			buildSettings = {
				ALWAYS_EMBED_SWIFT_STANDARD_LIBRARIES = YES;
				CODE_SIGN_STYLE = Automatic;
				INFOPLIST_FILE = SubsoniciousUITests/Info.plist;
				LD_RUNPATH_SEARCH_PATHS = (
					"$(inherited)",
					"@executable_path/Frameworks",
					"@loader_path/Frameworks",
				);
				PRODUCT_BUNDLE_IDENTIFIER = com.bilalbenlarbi.SubsoniciousUITests;
				PRODUCT_NAME = "$(TARGET_NAME)";
				SWIFT_VERSION = 5.0;
				TARGETED_DEVICE_FAMILY = "1,2";
				TEST_TARGET_NAME = Subsonicious;
			};
			name = Release;
		};
/* End XCBuildConfiguration section */

/* Begin XCConfigurationList section */
		9C2451D724841B5900CDE6F3 /* Build configuration list for PBXProject "Subsonicious" */ = {
			isa = XCConfigurationList;
			buildConfigurations = (
				9C24520424841B5D00CDE6F3 /* Debug */,
				9C24520524841B5D00CDE6F3 /* Release */,
			);
			defaultConfigurationIsVisible = 0;
			defaultConfigurationName = Release;
		};
		9C24520624841B5D00CDE6F3 /* Build configuration list for PBXNativeTarget "Subsonicious" */ = {
			isa = XCConfigurationList;
			buildConfigurations = (
				9C24520724841B5D00CDE6F3 /* Debug */,
				9C24520824841B5D00CDE6F3 /* Release */,
			);
			defaultConfigurationIsVisible = 0;
			defaultConfigurationName = Release;
		};
		9C24520924841B5D00CDE6F3 /* Build configuration list for PBXNativeTarget "SubsoniciousTests" */ = {
			isa = XCConfigurationList;
			buildConfigurations = (
				9C24520A24841B5D00CDE6F3 /* Debug */,
				9C24520B24841B5D00CDE6F3 /* Release */,
			);
			defaultConfigurationIsVisible = 0;
			defaultConfigurationName = Release;
		};
		9C24520C24841B5D00CDE6F3 /* Build configuration list for PBXNativeTarget "SubsoniciousUITests" */ = {
			isa = XCConfigurationList;
			buildConfigurations = (
				9C24520D24841B5D00CDE6F3 /* Debug */,
				9C24520E24841B5D00CDE6F3 /* Release */,
			);
			defaultConfigurationIsVisible = 0;
			defaultConfigurationName = Release;
		};
/* End XCConfigurationList section */
	};
	rootObject = 9C2451D424841B5900CDE6F3 /* Project object */;
}
